
Microsoft Visual Studio Solution File, Format Version 12.00
# Visual Studio Version 17
VisualStudioVersion = 17.1.32407.343
MinimumVisualStudioVersion = 10.0.40219.1
Project("{FAE04EC0-301F-11D3-BF4B-00C04F79EFBC}") = "MeuSite", "MeuSite.csproj", "{BDE56B49-2B8B-4470-88FE-B9EDBF8A7E24}"
EndProject
Global
	GlobalSection(SolutionConfigurationPlatforms) = preSolution
		Debug|Any CPU = Debug|Any CPU
		Release|Any CPU = Release|Any CPU
	EndGlobalSection
	GlobalSection(ProjectConfigurationPlatforms) = postSolution
		{BDE56B49-2B8B-4470-88FE-B9EDBF8A7E24}.Debug|Any CPU.ActiveCfg = Debug|Any CPU
		{BDE56B49-2B8B-4470-88FE-B9EDBF8A7E24}.Debug|Any CPU.Build.0 = Debug|Any CPU
		{BDE56B49-2B8B-4470-88FE-B9EDBF8A7E24}.Release|Any CPU.ActiveCfg = Release|Any CPU
		{BDE56B49-2B8B-4470-88FE-B9EDBF8A7E24}.Release|Any CPU.Build.0 = Release|Any CPU
	EndGlobalSection
	GlobalSection(SolutionProperties) = preSolution
		HideSolutionNode = FALSE
	EndGlobalSection
	GlobalSection(ExtensibilityGlobals) = postSolution
		SolutionGuid = {C5D2244C-EA7A-486B-BB50-E749428E6E84}
	EndGlobalSection
EndGlobal
